
Microsoft Visual Studio Solution File, Format Version 12.00
# Visual Studio 15
VisualStudioVersion = 15.0.27130.2027
MinimumVisualStudioVersion = 10.0.40219.1
Project("{FAE04EC0-301F-11D3-BF4B-00C04F79EFBC}") = "My addressBook", "My addressBook\My addressBook.csproj", "{15D502BB-E141-4470-9C0F-BDD1C54BB2E7}"
EndProject
Global
	GlobalSection(SolutionConfigurationPlatforms) = preSolution
		Debug|Any CPU = Debug|Any CPU
		Release|Any CPU = Release|Any CPU
	EndGlobalSection
	GlobalSection(ProjectConfigurationPlatforms) = postSolution
		{15D502BB-E141-4470-9C0F-BDD1C54BB2E7}.Debug|Any CPU.ActiveCfg = Debug|Any CPU
		{15D502BB-E141-4470-9C0F-BDD1C54BB2E7}.Debug|Any CPU.Build.0 = Debug|Any CPU
		{15D502BB-E141-4470-9C0F-BDD1C54BB2E7}.Release|Any CPU.ActiveCfg = Release|Any CPU
		{15D502BB-E141-4470-9C0F-BDD1C54BB2E7}.Release|Any CPU.Build.0 = Release|Any CPU
	EndGlobalSection
	GlobalSection(SolutionProperties) = preSolution
		HideSolutionNode = FALSE
	EndGlobalSection
	GlobalSection(ExtensibilityGlobals) = postSolution
		SolutionGuid = {69388FCC-E9A6-4692-9C26-1E05C730678F}
	EndGlobalSection
EndGlobal
